
Microsoft Visual Studio Solution File, Format Version 12.00
# Visual Studio Version 17
VisualStudioVersion = 17.11.35222.181
MinimumVisualStudioVersion = 10.0.40219.1
Project("{FAE04EC0-301F-11D3-BF4B-00C04F79EFBC}") = "a2-coursework", "a2-coursework.csproj", "{FCBAE83E-C39F-4E3F-A807-CEA2A27FC76B}"
EndProject
Global
	GlobalSection(SolutionConfigurationPlatforms) = preSolution
		Debug|Any CPU = Debug|Any CPU
		Release|Any CPU = Release|Any CPU
	EndGlobalSection
	GlobalSection(ProjectConfigurationPlatforms) = postSolution
		{FCBAE83E-C39F-4E3F-A807-CEA2A27FC76B}.Debug|Any CPU.ActiveCfg = Debug|Any CPU
		{FCBAE83E-C39F-4E3F-A807-CEA2A27FC76B}.Debug|Any CPU.Build.0 = Debug|Any CPU
		{FCBAE83E-C39F-4E3F-A807-CEA2A27FC76B}.Release|Any CPU.ActiveCfg = Release|Any CPU
		{FCBAE83E-C39F-4E3F-A807-CEA2A27FC76B}.Release|Any CPU.Build.0 = Release|Any CPU
	EndGlobalSection
	GlobalSection(SolutionProperties) = preSolution
		HideSolutionNode = FALSE
	EndGlobalSection
	GlobalSection(ExtensibilityGlobals) = postSolution
		SolutionGuid = {9C40564D-1BA1-4057-BCCC-58CFDA756648}
	EndGlobalSection
EndGlobal
